// !$*UTF8*$!
{
	archiveVersion = 1;
	classes = {
	};
	objectVersion = 55;
	objects = {

/* Begin PBXBuildFile section */
		12505B612864D2A100DAD480 /* AppDelegate.swift in Sources */ = {isa = PBXBuildFile; fileRef = 12505B602864D2A100DAD480 /* AppDelegate.swift */; };
		12505B632864D2A100DAD480 /* SceneDelegate.swift in Sources */ = {isa = PBXBuildFile; fileRef = 12505B622864D2A100DAD480 /* SceneDelegate.swift */; };
		12505B652864D2A100DAD480 /* ViewController.swift in Sources */ = {isa = PBXBuildFile; fileRef = 12505B642864D2A100DAD480 /* ViewController.swift */; };
		12505B682864D2A100DAD480 /* Main.storyboard in Resources */ = {isa = PBXBuildFile; fileRef = 12505B662864D2A100DAD480 /* Main.storyboard */; };
		12505B6A2864D2A400DAD480 /* Assets.xcassets in Resources */ = {isa = PBXBuildFile; fileRef = 12505B692864D2A400DAD480 /* Assets.xcassets */; };
		12505B6D2864D2A400DAD480 /* LaunchScreen.storyboard in Resources */ = {isa = PBXBuildFile; fileRef = 12505B6B2864D2A400DAD480 /* LaunchScreen.storyboard */; };
		128F0A1C28662BF80029FE8E /* SearchViewController.swift in Sources */ = {isa = PBXBuildFile; fileRef = 128F0A1B28662BF80029FE8E /* SearchViewController.swift */; };
		128F0A1E2866301C0029FE8E /* GiphyAPI.swift in Sources */ = {isa = PBXBuildFile; fileRef = 128F0A1D2866301C0029FE8E /* GiphyAPI.swift */; };
		128F0A2028665BF90029FE8E /* GifViewCell.swift in Sources */ = {isa = PBXBuildFile; fileRef = 128F0A1F28665BF90029FE8E /* GifViewCell.swift */; };
/* End PBXBuildFile section */

/* Begin PBXFileReference section */
		12505B5D2864D2A100DAD480 /* C2TGifs.app */ = {isa = PBXFileReference; explicitFileType = wrapper.application; includeInIndex = 0; path = C2TGifs.app; sourceTree = BUILT_PRODUCTS_DIR; };
		12505B602864D2A100DAD480 /* AppDelegate.swift */ = {isa = PBXFileReference; lastKnownFileType = sourcecode.swift; path = AppDelegate.swift; sourceTree = "<group>"; };
		12505B622864D2A100DAD480 /* SceneDelegate.swift */ = {isa = PBXFileReference; lastKnownFileType = sourcecode.swift; path = SceneDelegate.swift; sourceTree = "<group>"; };
		12505B642864D2A100DAD480 /* ViewController.swift */ = {isa = PBXFileReference; lastKnownFileType = sourcecode.swift; path = ViewController.swift; sourceTree = "<group>"; };
		12505B672864D2A100DAD480 /* Base */ = {isa = PBXFileReference; lastKnownFileType = file.storyboard; name = Base; path = Base.lproj/Main.storyboard; sourceTree = "<group>"; };
		12505B692864D2A400DAD480 /* Assets.xcassets */ = {isa = PBXFileReference; lastKnownFileType = folder.assetcatalog; path = Assets.xcassets; sourceTree = "<group>"; };
		12505B6C2864D2A400DAD480 /* Base */ = {isa = PBXFileReference; lastKnownFileType = file.storyboard; name = Base; path = Base.lproj/LaunchScreen.storyboard; sourceTree = "<group>"; };
		12505B6E2864D2A400DAD480 /* Info.plist */ = {isa = PBXFileReference; lastKnownFileType = text.plist.xml; path = Info.plist; sourceTree = "<group>"; };
		128F0A1B28662BF80029FE8E /* SearchViewController.swift */ = {isa = PBXFileReference; lastKnownFileType = sourcecode.swift; path = SearchViewController.swift; sourceTree = "<group>"; };
		128F0A1D2866301C0029FE8E /* GiphyAPI.swift */ = {isa = PBXFileReference; lastKnownFileType = sourcecode.swift; path = GiphyAPI.swift; sourceTree = "<group>"; };
		128F0A1F28665BF90029FE8E /* GifViewCell.swift */ = {isa = PBXFileReference; lastKnownFileType = sourcecode.swift; path = GifViewCell.swift; sourceTree = "<group>"; };
/* End PBXFileReference section */

/* Begin PBXFrameworksBuildPhase section */
		12505B5A2864D2A100DAD480 /* Frameworks */ = {
			isa = PBXFrameworksBuildPhase;
			buildActionMask = 2147483647;
			files = (
			);
			runOnlyForDeploymentPostprocessing = 0;
		};
/* End PBXFrameworksBuildPhase section */

/* Begin PBXGroup section */
		12505B542864D2A100DAD480 = {
			isa = PBXGroup;
			children = (
				12505B5F2864D2A100DAD480 /* C2TGifs */,
				12505B5E2864D2A100DAD480 /* Products */,
			);
			sourceTree = "<group>";
		};
		12505B5E2864D2A100DAD480 /* Products */ = {
			isa = PBXGroup;
			children = (
				12505B5D2864D2A100DAD480 /* C2TGifs.app */,
			);
			name = Products;
			sourceTree = "<group>";
		};
		12505B5F2864D2A100DAD480 /* C2TGifs */ = {
			isa = PBXGroup;
			children = (
				12505B602864D2A100DAD480 /* AppDelegate.swift */,
				12505B622864D2A100DAD480 /* SceneDelegate.swift */,
				12505B642864D2A100DAD480 /* ViewController.swift */,
				12505B662864D2A100DAD480 /* Main.storyboard */,
				128F0A1F28665BF90029FE8E /* GifViewCell.swift */,
				12505B692864D2A400DAD480 /* Assets.xcassets */,
				12505B6B2864D2A400DAD480 /* LaunchScreen.storyboard */,
				12505B6E2864D2A400DAD480 /* Info.plist */,
				128F0A1B28662BF80029FE8E /* SearchViewController.swift */,
				128F0A1D2866301C0029FE8E /* GiphyAPI.swift */,
			);
			path = C2TGifs;
			sourceTree = "<group>";
		};
/* End PBXGroup section */

/* Begin PBXNativeTarget section */
		12505B5C2864D2A100DAD480 /* C2TGifs */ = {
			isa = PBXNativeTarget;
			buildConfigurationList = 12505B712864D2A400DAD480 /* Build configuration list for PBXNativeTarget "C2TGifs" */;
			buildPhases = (
				12505B592864D2A100DAD480 /* Sources */,
				12505B5A2864D2A100DAD480 /* Frameworks */,
				12505B5B2864D2A100DAD480 /* Resources */,
			);
			buildRules = (
			);
			dependencies = (
			);
			name = C2TGifs;
			productName = C2TGifs;
			productReference = 12505B5D2864D2A100DAD480 /* C2TGifs.app */;
			productType = "com.apple.product-type.application";
		};
/* End PBXNativeTarget section */

/* Begin PBXProject section */
		12505B552864D2A100DAD480 /* Project object */ = {
			isa = PBXProject;
			attributes = {
				BuildIndependentTargetsInParallel = 1;
				LastSwiftUpdateCheck = 1340;
				LastUpgradeCheck = 1340;
				TargetAttributes = {
					12505B5C2864D2A100DAD480 = {
						CreatedOnToolsVersion = 13.4.1;
					};
				};
			};
			buildConfigurationList = 12505B582864D2A100DAD480 /* Build configuration list for PBXProject "C2TGifs" */;
			compatibilityVersion = "Xcode 13.0";
			developmentRegion = en;
			hasScannedForEncodings = 0;
			knownRegions = (
				en,
				Base,
			);
			mainGroup = 12505B542864D2A100DAD480;
			productRefGroup = 12505B5E2864D2A100DAD480 /* Products */;
			projectDirPath = "";
			projectRoot = "";
			targets = (
				12505B5C2864D2A100DAD480 /* C2TGifs */,
			);
		};
/* End PBXProject section */

/* Begin PBXResourcesBuildPhase section */
		12505B5B2864D2A100DAD480 /* Resources */ = {
			isa = PBXResourcesBuildPhase;
			buildActionMask = 2147483647;
			files = (
				12505B6D2864D2A400DAD480 /* LaunchScreen.storyboard in Resources */,
				12505B6A2864D2A400DAD480 /* Assets.xcassets in Resources */,
				12505B682864D2A100DAD480 /* Main.storyboard in Resources */,
			);
			runOnlyForDeploymentPostprocessing = 0;
		};
/* End PBXResourcesBuildPhase section */

/* Begin PBXSourcesBuildPhase section */
		12505B592864D2A100DAD480 /* Sources */ = {
			isa = PBXSourcesBuildPhase;
			buildActionMask = 2147483647;
			files = (
				12505B652864D2A100DAD480 /* ViewController.swift in Sources */,
				128F0A2028665BF90029FE8E /* GifViewCell.swift in Sources */,
				12505B612864D2A100DAD480 /* AppDelegate.swift in Sources */,
				128F0A1C28662BF80029FE8E /* SearchViewController.swift in Sources */,
				12505B632864D2A100DAD480 /* SceneDelegate.swift in Sources */,
				128F0A1E2866301C0029FE8E /* GiphyAPI.swift in Sources */,
			);
			runOnlyForDeploymentPostprocessing = 0;
		};
/* End PBXSourcesBuildPhase section */

/* Begin PBXVariantGroup section */
		12505B662864D2A100DAD480 /* Main.storyboard */ = {
			isa = PBXVariantGroup;
			children = (
				12505B672864D2A100DAD480 /* Base */,
			);
			name = Main.storyboard;
			sourceTree = "<group>";
		};
		12505B6B2864D2A400DAD480 /* LaunchScreen.storyboard */ = {
			isa = PBXVariantGroup;
			children = (
				12505B6C2864D2A400DAD480 /* Base */,
			);
			name = LaunchScreen.storyboard;
			sourceTree = "<group>";
		};
/* End PBXVariantGroup section */

/* Begin XCBuildConfiguration section */
		12505B6F2864D2A400DAD480 /* Debug */ = {
			isa = XCBuildConfiguration;
			buildSettings = {
				ALWAYS_SEARCH_USER_PATHS = NO;
				CLANG_ANALYZER_NONNULL = YES;
				CLANG_ANALYZER_NUMBER_OBJECT_CONVERSION = YES_AGGRESSIVE;
				CLANG_CXX_LANGUAGE_STANDARD = "gnu++17";
				CLANG_ENABLE_MODULES = YES;
				CLANG_ENABLE_OBJC_ARC = YES;
				CLANG_ENABLE_OBJC_WEAK = YES;
				CLANG_WARN_BLOCK_CAPTURE_AUTORELEASING = YES;
				CLANG_WARN_BOOL_CONVERSION = YES;
				CLANG_WARN_COMMA = YES;
				CLANG_WARN_CONSTANT_CONVERSION = YES;
				CLANG_WARN_DEPRECATED_OBJC_IMPLEMENTATIONS = YES;
				CLANG_WARN_DIRECT_OBJC_ISA_USAGE = YES_ERROR;
				CLANG_WARN_DOCUMENTATION_COMMENTS = YES;
				CLANG_WARN_EMPTY_BODY = YES;
				CLANG_WARN_ENUM_CONVERSION = YES;
				CLANG_WARN_INFINITE_RECURSION = YES;
				CLANG_WARN_INT_CONVERSION = YES;
				CLANG_WARN_NON_LITERAL_NULL_CONVERSION = YES;
				CLANG_WARN_OBJC_IMPLICIT_RETAIN_SELF = YES;
				CLANG_WARN_OBJC_LITERAL_CONVERSION = YES;
				CLANG_WARN_OBJC_ROOT_CLASS = YES_ERROR;
				CLANG_WARN_QUOTED_INCLUDE_IN_FRAMEWORK_HEADER = YES;
				CLANG_WARN_RANGE_LOOP_ANALYSIS = YES;
				CLANG_WARN_STRICT_PROTOTYPES = YES;
				CLANG_WARN_SUSPICIOUS_MOVE = YES;
				CLANG_WARN_UNGUARDED_AVAILABILITY = YES_AGGRESSIVE;
				CLANG_WARN_UNREACHABLE_CODE = YES;
				CLANG_WARN__DUPLICATE_METHOD_MATCH = YES;
				COPY_PHASE_STRIP = NO;
				DEBUG_INFORMATION_FORMAT = dwarf;
				ENABLE_STRICT_OBJC_MSGSEND = YES;
				ENABLE_TESTABILITY = YES;
				GCC_C_LANGUAGE_STANDARD = gnu11;
				GCC_DYNAMIC_NO_PIC = NO;
				GCC_NO_COMMON_BLOCKS = YES;
				GCC_OPTIMIZATION_LEVEL = 0;
				GCC_PREPROCESSOR_DEFINITIONS = (
					"DEBUG=1",
					"$(inherited)",
				);
				GCC_WARN_64_TO_32_BIT_CONVERSION = YES;
				GCC_WARN_ABOUT_RETURN_TYPE = YES_ERROR;
				GCC_WARN_UNDECLARED_SELECTOR = YES;
				GCC_WARN_UNINITIALIZED_AUTOS = YES_AGGRESSIVE;
				GCC_WARN_UNUSED_FUNCTION = YES;
				GCC_WARN_UNUSED_VARIABLE = YES;
				IPHONEOS_DEPLOYMENT_TARGET = 15.5;
				MTL_ENABLE_DEBUG_INFO = INCLUDE_SOURCE;
				MTL_FAST_MATH = YES;
				ONLY_ACTIVE_ARCH = YES;
				SDKROOT = iphoneos;
				SWIFT_ACTIVE_COMPILATION_CONDITIONS = DEBUG;
				SWIFT_OPTIMIZATION_LEVEL = "-Onone";
			};
			name = Debug;
		};
		12505B702864D2A400DAD480 /* Release */ = {
			isa = XCBuildConfiguration;
			buildSettings = {
				ALWAYS_SEARCH_USER_PATHS = NO;
				CLANG_ANALYZER_NONNULL = YES;
				CLANG_ANALYZER_NUMBER_OBJECT_CONVERSION = YES_AGGRESSIVE;
				CLANG_CXX_LANGUAGE_STANDARD = "gnu++17";
				CLANG_ENABLE_MODULES = YES;
				CLANG_ENABLE_OBJC_ARC = YES;
				CLANG_ENABLE_OBJC_WEAK = YES;
				CLANG_WARN_BLOCK_CAPTURE_AUTORELEASING = YES;
				CLANG_WARN_BOOL_CONVERSION = YES;
				CLANG_WARN_COMMA = YES;
				CLANG_WARN_CONSTANT_CONVERSION = YES;
				CLANG_WARN_DEPRECATED_OBJC_IMPLEMENTATIONS = YES;
				CLANG_WARN_DIRECT_OBJC_ISA_USAGE = YES_ERROR;
				CLANG_WARN_DOCUMENTATION_COMMENTS = YES;
				CLANG_WARN_EMPTY_BODY = YES;
				CLANG_WARN_ENUM_CONVERSION = YES;
				CLANG_WARN_INFINITE_RECURSION = YES;
				CLANG_WARN_INT_CONVERSION = YES;
				CLANG_WARN_NON_LITERAL_NULL_CONVERSION = YES;
				CLANG_WARN_OBJC_IMPLICIT_RETAIN_SELF = YES;
				CLANG_WARN_OBJC_LITERAL_CONVERSION = YES;
				CLANG_WARN_OBJC_ROOT_CLASS = YES_ERROR;
				CLANG_WARN_QUOTED_INCLUDE_IN_FRAMEWORK_HEADER = YES;
				CLANG_WARN_RANGE_LOOP_ANALYSIS = YES;
				CLANG_WARN_STRICT_PROTOTYPES = YES;
				CLANG_WARN_SUSPICIOUS_MOVE = YES;
				CLANG_WARN_UNGUARDED_AVAILABILITY = YES_AGGRESSIVE;
				CLANG_WARN_UNREACHABLE_CODE = YES;
				CLANG_WARN__DUPLICATE_METHOD_MATCH = YES;
				COPY_PHASE_STRIP = NO;
				DEBUG_INFORMATION_FORMAT = "dwarf-with-dsym";
				ENABLE_NS_ASSERTIONS = NO;
				ENABLE_STRICT_OBJC_MSGSEND = YES;
				GCC_C_LANGUAGE_STANDARD = gnu11;
				GCC_NO_COMMON_BLOCKS = YES;
				GCC_WARN_64_TO_32_BIT_CONVERSION = YES;
				GCC_WARN_ABOUT_RETURN_TYPE = YES_ERROR;
				GCC_WARN_UNDECLARED_SELECTOR = YES;
				GCC_WARN_UNINITIALIZED_AUTOS = YES_AGGRESSIVE;
				GCC_WARN_UNUSED_FUNCTION = YES;
				GCC_WARN_UNUSED_VARIABLE = YES;
				IPHONEOS_DEPLOYMENT_TARGET = 15.5;
				MTL_ENABLE_DEBUG_INFO = NO;
				MTL_FAST_MATH = YES;
				SDKROOT = iphoneos;
				SWIFT_COMPILATION_MODE = wholemodule;
				SWIFT_OPTIMIZATION_LEVEL = "-O";
				VALIDATE_PRODUCT = YES;
			};
			name = Release;
		};
		12505B722864D2A400DAD480 /* Debug */ = {
			isa = XCBuildConfiguration;
			buildSettings = {
				ASSETCATALOG_COMPILER_APPICON_NAME = AppIcon;
				ASSETCATALOG_COMPILER_GLOBAL_ACCENT_COLOR_NAME = AccentColor;
				CODE_SIGN_STYLE = Automatic;
				CURRENT_PROJECT_VERSION = 1;
				GENERATE_INFOPLIST_FILE = YES;
				INFOPLIST_FILE = C2TGifs/Info.plist;
				INFOPLIST_KEY_UIApplicationSupportsIndirectInputEvents = YES;
				INFOPLIST_KEY_UILaunchStoryboardName = LaunchScreen;
				INFOPLIST_KEY_UIMainStoryboardFile = Main;
				INFOPLIST_KEY_UISupportedInterfaceOrientations_iPad = "UIInterfaceOrientationPortrait UIInterfaceOrientationPortraitUpsideDown UIInterfaceOrientationLandscapeLeft UIInterfaceOrientationLandscapeRight";
				INFOPLIST_KEY_UISupportedInterfaceOrientations_iPhone = "UIInterfaceOrientationPortrait UIInterfaceOrientationLandscapeLeft UIInterfaceOrientationLandscapeRight";
				LD_RUNPATH_SEARCH_PATHS = (
					"$(inherited)",
					"@executable_path/Frameworks",
				);
				MARKETING_VERSION = 1.0;
				PRODUCT_BUNDLE_IDENTIFIER = alrosenthal.C2TGifs;
				PRODUCT_NAME = "$(TARGET_NAME)";
				SWIFT_EMIT_LOC_STRINGS = YES;
				SWIFT_VERSION = 5.0;
				TARGETED_DEVICE_FAMILY = "1,2";
			};
			name = Debug;
		};
		12505B732864D2A400DAD480 /* Release */ = {
			isa = XCBuildConfiguration;
			buildSettings = {
				ASSETCATALOG_COMPILER_APPICON_NAME = AppIcon;
				ASSETCATALOG_COMPILER_GLOBAL_ACCENT_COLOR_NAME = AccentColor;
				CODE_SIGN_STYLE = Automatic;
				CURRENT_PROJECT_VERSION = 1;
				GENERATE_INFOPLIST_FILE = YES;
				INFOPLIST_FILE = C2TGifs/Info.plist;
				INFOPLIST_KEY_UIApplicationSupportsIndirectInputEvents = YES;
				INFOPLIST_KEY_UILaunchStoryboardName = LaunchScreen;
				INFOPLIST_KEY_UIMainStoryboardFile = Main;
				INFOPLIST_KEY_UISupportedInterfaceOrientations_iPad = "UIInterfaceOrientationPortrait UIInterfaceOrientationPortraitUpsideDown UIInterfaceOrientationLandscapeLeft UIInterfaceOrientationLandscapeRight";
				INFOPLIST_KEY_UISupportedInterfaceOrientations_iPhone = "UIInterfaceOrientationPortrait UIInterfaceOrientationLandscapeLeft UIInterfaceOrientationLandscapeRight";
				LD_RUNPATH_SEARCH_PATHS = (
					"$(inherited)",
					"@executable_path/Frameworks",
				);
				MARKETING_VERSION = 1.0;
				PRODUCT_BUNDLE_IDENTIFIER = alrosenthal.C2TGifs;
				PRODUCT_NAME = "$(TARGET_NAME)";
				SWIFT_EMIT_LOC_STRINGS = YES;
				SWIFT_VERSION = 5.0;
				TARGETED_DEVICE_FAMILY = "1,2";
			};
			name = Release;
		};
/* End XCBuildConfiguration section */

/* Begin XCConfigurationList section */
		12505B582864D2A100DAD480 /* Build configuration list for PBXProject "C2TGifs" */ = {
			isa = XCConfigurationList;
			buildConfigurations = (
				12505B6F2864D2A400DAD480 /* Debug */,
				12505B702864D2A400DAD480 /* Release */,
			);
			defaultConfigurationIsVisible = 0;
			defaultConfigurationName = Release;
		};
		12505B712864D2A400DAD480 /* Build configuration list for PBXNativeTarget "C2TGifs" */ = {
			isa = XCConfigurationList;
			buildConfigurations = (
				12505B722864D2A400DAD480 /* Debug */,
				12505B732864D2A400DAD480 /* Release */,
			);
			defaultConfigurationIsVisible = 0;
			defaultConfigurationName = Release;
		};
/* End XCConfigurationList section */
	};
	rootObject = 12505B552864D2A100DAD480 /* Project object */;
}
