{
  "pins" : [
    {
      "identity" : "flanimatedimage",
      "kind" : "remoteSourceControl",
      "location" : "https://github.com/Flipboard/FLAnimatedImage.git",
      "state" : {
        "revision" : "e7f9fd4681ae41bf6f3056db08af4f401d61da52",
        "version" : "1.0.16"
      }
    },
    {
      "identity" : "sdwebimage",
      "kind" : "remoteSourceControl",
      "location" : "https://github.com/SDWebImage/SDWebImage",
      "state" : {
        "revision" : "b729cc14f65e1412efc781a4cc46bd7f4720a3ae",
        "version" : "5.12.6"
      }
    },
    {
      "identity" : "sdwebimageflplugin",
      "kind" : "remoteSourceControl",
      "location" : "https://github.com/SDWebImage/SDWebImageFLPlugin.git",
      "state" : {
        "revision" : "40ea0e7c28189fcae5f03e5bc9acf2771ea0b224",
        "version" : "0.6.0"
      }
    }
  ],
  "version" : 2
}
